{
  "name": "dookbook-doc-wikipedia",
  "version": "0.0.1",
  "lockfileVersion": 1,
  "requires": true,
  "dependencies": {
    "argparse": {
      "version": "1.0.10",
      "resolved": "http://registry.npm.taobao.org/argparse/download/argparse-1.0.10.tgz",
      "integrity": "sha1-vNZ5HqWuCXJeF+WtmIE0zUCz2RE=",
      "requires": {
        "sprintf-js": "~1.0.2"
      }
    },
    "balanced-match": {
      "version": "1.0.0",
      "resolved": "http://registry.npm.taobao.org/balanced-match/download/balanced-match-1.0.0.tgz",
      "integrity": "sha1-ibTRmasr7kneFk6gK4nORi1xt2c="
    },
    "brace-expansion": {
      "version": "1.1.11",
      "resolved": "http://registry.npm.taobao.org/brace-expansion/download/brace-expansion-1.1.11.tgz",
      "integrity": "sha1-PH/L9SnYcibz0vUrlm/1Jx60Qd0=",
      "requires": {
        "balanced-match": "^1.0.0",
        "concat-map": "0.0.1"
      }
    },
    "commander": {
      "version": "2.9.0",
      "resolved": "https://registry.npm.taobao.org/commander/download/commander-2.9.0.tgz?cache=0&other_urls=https%3A%2F%2Fregistry.npm.taobao.org%2Fcommander%2Fdownload%2Fcommander-2.9.0.tgz",
      "integrity": "sha1-nJkJQXbhIkDLItbFFGCYQA/g99Q=",
      "requires": {
        "graceful-readlink": ">= 1.0.0"
      }
    },
    "concat-map": {
      "version": "0.0.1",
      "resolved": "http://registry.npm.taobao.org/concat-map/download/concat-map-0.0.1.tgz",
      "integrity": "sha1-2Klr13/Wjfd5OnMDajug1UBdR3s="
    },
    "deep-extend": {
      "version": "0.5.1",
      "resolved": "http://registry.npm.taobao.org/deep-extend/download/deep-extend-0.5.1.tgz",
      "integrity": "sha1-uJSp3ZDTAj+/HFWjlPuFjrIGbx8="
    },
    "entities": {
      "version": "1.1.2",
      "resolved": "https://registry.npm.taobao.org/entities/download/entities-1.1.2.tgz",
      "integrity": "sha1-vfpzUplmTfr9NFKe1PhSKidf6lY="
    },
    "esprima": {
      "version": "4.0.1",
      "resolved": "http://registry.npm.taobao.org/esprima/download/esprima-4.0.1.tgz",
      "integrity": "sha1-E7BM2z5sXRnfkatph6hpVhmwqnE="
    },
    "fs.realpath": {
      "version": "1.0.0",
      "resolved": "http://registry.npm.taobao.org/fs.realpath/download/fs.realpath-1.0.0.tgz",
      "integrity": "sha1-FQStJSMVjKpA20onh8sBQRmU6k8="
    },
    "get-stdin": {
      "version": "5.0.1",
      "resolved": "https://registry.npm.taobao.org/get-stdin/download/get-stdin-5.0.1.tgz",
      "integrity": "sha1-Ei4WFZHiH/TFJTAwVpPyDmOTo5g="
    },
    "glob": {
      "version": "7.1.4",
      "resolved": "https://registry.npm.taobao.org/glob/download/glob-7.1.4.tgz",
      "integrity": "sha1-qmCKL2xXetNX4a5aXCbZqNGWklU=",
      "requires": {
        "fs.realpath": "^1.0.0",
        "inflight": "^1.0.4",
        "inherits": "2",
        "minimatch": "^3.0.4",
        "once": "^1.3.0",
        "path-is-absolute": "^1.0.0"
      }
    },
    "graceful-readlink": {
      "version": "1.0.1",
      "resolved": "https://registry.npm.taobao.org/graceful-readlink/download/graceful-readlink-1.0.1.tgz",
      "integrity": "sha1-TK+tdrxi8C+gObL5Tpo906ORpyU="
    },
    "inflight": {
      "version": "1.0.6",
      "resolved": "http://registry.npm.taobao.org/inflight/download/inflight-1.0.6.tgz",
      "integrity": "sha1-Sb1jMdfQLQwJvJEKEHW6gWW1bfk=",
      "requires": {
        "once": "^1.3.0",
        "wrappy": "1"
      }
    },
    "inherits": {
      "version": "2.0.4",
      "resolved": "https://registry.npm.taobao.org/inherits/download/inherits-2.0.4.tgz?cache=0&sync_timestamp=1560975547815&other_urls=https%3A%2F%2Fregistry.npm.taobao.org%2Finherits%2Fdownload%2Finherits-2.0.4.tgz",
      "integrity": "sha1-D6LGT5MpF8NDOg3tVTY6rjdBa3w="
    },
    "ini": {
      "version": "1.3.5",
      "resolved": "http://registry.npm.taobao.org/ini/download/ini-1.3.5.tgz",
      "integrity": "sha1-7uJfVtscnsYIXgwid4CD9Zar+Sc="
    },
    "js-yaml": {
      "version": "3.13.1",
      "resolved": "https://registry.npm.taobao.org/js-yaml/download/js-yaml-3.13.1.tgz",
      "integrity": "sha1-r/FRswv9+o5J4F2iLnQV6d+jeEc=",
      "requires": {
        "argparse": "^1.0.7",
        "esprima": "^4.0.0"
      }
    },
    "linkify-it": {
      "version": "2.2.0",
      "resolved": "https://registry.npm.taobao.org/linkify-it/download/linkify-it-2.2.0.tgz?cache=0&other_urls=https%3A%2F%2Fregistry.npm.taobao.org%2Flinkify-it%2Fdownload%2Flinkify-it-2.2.0.tgz",
      "integrity": "sha1-47VGl+eL+RXHCjis14/QngBYsc8=",
      "requires": {
        "uc.micro": "^1.0.1"
      }
    },
    "lodash.differencewith": {
      "version": "4.5.0",
      "resolved": "https://registry.npm.taobao.org/lodash.differencewith/download/lodash.differencewith-4.5.0.tgz",
      "integrity": "sha1-uvr7yRi1UVTheRdqALsK76rIVLc="
    },
    "lodash.flatten": {
      "version": "4.4.0",
      "resolved": "http://registry.npm.taobao.org/lodash.flatten/download/lodash.flatten-4.4.0.tgz",
      "integrity": "sha1-8xwiIlqWMtK7+OSt2+8kCqdlph8="
    },
    "markdown-it": {
      "version": "8.4.2",
      "resolved": "https://registry.npm.taobao.org/markdown-it/download/markdown-it-8.4.2.tgz",
      "integrity": "sha1-OG+YmY3BWjdyKqdyIIT0Agvdm1Q=",
      "requires": {
        "argparse": "^1.0.7",
        "entities": "~1.1.1",
        "linkify-it": "^2.0.0",
        "mdurl": "^1.0.1",
        "uc.micro": "^1.0.5"
      }
    },
    "markdownlint": {
      "version": "0.15.0",
      "resolved": "https://registry.npm.taobao.org/markdownlint/download/markdownlint-0.15.0.tgz?cache=0&other_urls=https%3A%2F%2Fregistry.npm.taobao.org%2Fmarkdownlint%2Fdownload%2Fmarkdownlint-0.15.0.tgz",
      "integrity": "sha1-FINzVPAf4VvAbf1d04JHt5vUyPI=",
      "requires": {
        "markdown-it": "8.4.2"
      }
    },
    "markdownlint-cli": {
      "version": "0.17.0",
      "resolved": "https://registry.npm.taobao.org/markdownlint-cli/download/markdownlint-cli-0.17.0.tgz",
      "integrity": "sha1-9eSDpXa/VsyimwVyFiQaVNM+TZU=",
      "requires": {
        "commander": "~2.9.0",
        "deep-extend": "~0.5.1",
        "get-stdin": "~5.0.1",
        "glob": "~7.1.2",
        "js-yaml": "^3.13.1",
        "lodash.differencewith": "~4.5.0",
        "lodash.flatten": "~4.4.0",
        "markdownlint": "~0.15.0",
        "minimatch": "~3.0.4",
        "rc": "~1.2.7"
      }
    },
    "mdurl": {
      "version": "1.0.1",
      "resolved": "https://registry.npm.taobao.org/mdurl/download/mdurl-1.0.1.tgz",
      "integrity": "sha1-/oWy7HWlkDfyrf7BAP1sYBdhFS4="
    },
    "minimatch": {
      "version": "3.0.4",
      "resolved": "http://registry.npm.taobao.org/minimatch/download/minimatch-3.0.4.tgz",
      "integrity": "sha1-UWbihkV/AzBgZL5Ul+jbsMPTIIM=",
      "requires": {
        "brace-expansion": "^1.1.7"
      }
    },
    "minimist": {
      "version": "1.2.5",
      "resolved": "https://registry.npmjs.org/minimist/-/minimist-1.2.5.tgz",
      "integrity": "sha512-FM9nNUYrRBAELZQT3xeZQ7fmMOBg6nWNmJKTcgsJeaLstP/UODVpGsr5OhXhhXg6f+qtJ8uiZ+PUxkDWcgIXLw=="
    },
    "once": {
      "version": "1.4.0",
      "resolved": "http://registry.npm.taobao.org/once/download/once-1.4.0.tgz",
      "integrity": "sha1-WDsap3WWHUsROsF9nFC6753Xa9E=",
      "requires": {
        "wrappy": "1"
      }
    },
    "path-is-absolute": {
      "version": "1.0.1",
      "resolved": "http://registry.npm.taobao.org/path-is-absolute/download/path-is-absolute-1.0.1.tgz",
      "integrity": "sha1-F0uSaHNVNP+8es5r9TpanhtcX18="
    },
    "rc": {
      "version": "1.2.8",
      "resolved": "http://registry.npm.taobao.org/rc/download/rc-1.2.8.tgz",
      "integrity": "sha1-zZJL9SAKB1uDwYjNa54hG3/A0+0=",
      "requires": {
        "deep-extend": "^0.6.0",
        "ini": "~1.3.0",
        "minimist": "^1.2.0",
        "strip-json-comments": "~2.0.1"
      },
      "dependencies": {
        "deep-extend": {
          "version": "0.6.0",
          "resolved": "http://registry.npm.taobao.org/deep-extend/download/deep-extend-0.6.0.tgz",
          "integrity": "sha1-xPp8lUBKF6nD6Mp+FTcxK3NjMKw="
        }
      }
    },
    "sprintf-js": {
      "version": "1.0.3",
      "resolved": "http://registry.npm.taobao.org/sprintf-js/download/sprintf-js-1.0.3.tgz",
      "integrity": "sha1-BOaSb2YolTVPPdAVIDYzuFcpfiw="
    },
    "strip-json-comments": {
      "version": "2.0.1",
      "resolved": "https://registry.npm.taobao.org/strip-json-comments/download/strip-json-comments-2.0.1.tgz?cache=0&other_urls=https%3A%2F%2Fregistry.npm.taobao.org%2Fstrip-json-comments%2Fdownload%2Fstrip-json-comments-2.0.1.tgz",
      "integrity": "sha1-PFMZQukIwml8DsNEhYwobHygpgo="
    },
    "uc.micro": {
      "version": "1.0.6",
      "resolved": "https://registry.npm.taobao.org/uc.micro/download/uc.micro-1.0.6.tgz",
      "integrity": "sha1-nEEagCpAmpH8bPdAgbq6NLJEmaw="
    },
    "wrappy": {
      "version": "1.0.2",
      "resolved": "http://registry.npm.taobao.org/wrappy/download/wrappy-1.0.2.tgz",
      "integrity": "sha1-tSQ9jz7BqjXxNkYFvA0QNuMKtp8="
    }
  }
}
